# This file is automatically @generated by Cargo.
# It is not intended for manual editing.
version = 4

[[package]]
name = "allocator-api2"
version = "0.2.21"
source = "registry+https://github.com/rust-lang/crates.io-index"
checksum = "683d7910e743518b0e34f1186f92494becacb047c7b6bf616c96772180fef923"

[[package]]
name = "anyhow"
version = "1.0.104"
source = "registry+https://github.com/rust-lang/crates.io-index"
checksum = "330a5ed07fa54e4702c9d6c4174f74427fc0ef6e214bbd677ae50a5099946470"

[[package]]
name = "arbitrary"
version = "1.4.2"
source = "registry+https://github.com/rust-lang/crates.io-index"
checksum = "c3d036a3c4ab069c7b410a2ce876bd74808d2d0888a82667669f8e783a898bf1"

[[package]]
name = "bitflags"
version = "1.3.2"
source = "registry+https://github.com/rust-lang/crates.io-index"
checksum = "bef38d45163c2f1dde094a7dfd33ccf595c92905c8f8f4fdc18d06fb1037718a"

[[package]]
name = "bitflags"
version = "2.11.1"
source = "registry+https://github.com/rust-lang/crates.io-index"
checksum = "c4512299f36f043ab09a583e57bceb5a5aab7a73db1805848e8fef3c9e8c78b3"

[[package]]
name = "bumpalo"
version = "3.20.3"
source = "registry+https://github.com/rust-lang/crates.io-index"
checksum = "72f5acc6cb2ba439de613abc23857ec3d78374d8ed5ac84e9d11336e87da8649"
dependencies = [
 "allocator-api2",
]

[[package]]
name = "cc"
version = "1.4.2"
source = "registry+https://github.com/rust-lang/crates.io-index"
checksum = "5d262e149917187838d5b42777c8253bcb64500067342904e7d429499a6f277e"
dependencies = [
 "find-msvc-tools",
 "jobserver",
 "libc",
 "shlex",
]

[[package]]
name = "cfg-if"
version = "1.0.4"
source = "registry+https://github.com/rust-lang/crates.io-index"
checksum = "9330f8b2ff13f34540b44e946ef35111825727b38d33286ef986142615121801"

[[package]]
name = "colored"
version = "3.1.1"
source = "registry+https://github.com/rust-lang/crates.io-index"
checksum = "faf9468729b8cbcea668e36183cb69d317348c2e08e994829fb56ebfdfbaac34"
dependencies = [
 "windows-sys 0.61.2",
]

[[package]]
name = "cranelift-assembler-x64"
version = "0.134.3"
source = "registry+https://github.com/rust-lang/crates.io-index"
checksum = "d552bd33b7a56dc70aeb1e1c960e51a218fa0db50f23873b500a310379450b2d"
dependencies = [
 "cranelift-assembler-x64-meta",
]

[[package]]
name = "cranelift-assembler-x64-meta"
version = "0.134.3"
source = "registry+https://github.com/rust-lang/crates.io-index"
checksum = "078e80e4c222279e3330f6aa1a256ca77ddf156d4453166a9f09defedc4594dd"
dependencies = [
 "cranelift-srcgen",
]

[[package]]
name = "cranelift-bforest"
version = "0.134.3"
source = "registry+https://github.com/rust-lang/crates.io-index"
checksum = "820ce15d4ad3562d613c31a67b6d0434d403e7091a68d1349903842f7d31737e"
dependencies = [
 "cranelift-entity",
 "wasmtime-internal-core",
]

[[package]]
name = "cranelift-bitset"
version = "0.134.3"
source = "registry+https://github.com/rust-lang/crates.io-index"
checksum = "61bca563d4b86d285928d9e27f97f27039bb33a0fc524fa130d7d0c106bf8ab3"
dependencies = [
 "wasmtime-internal-core",
]

[[package]]
name = "cranelift-codegen"
version = "0.134.3"
source = "registry+https://github.com/rust-lang/crates.io-index"
checksum = "709f4b7c0fb57d952658d5b5c07fbdc4149acd7b7f0de9678ae754b9c981949a"
dependencies = [
 "bumpalo",
 "cranelift-assembler-x64",
 "cranelift-bforest",
 "cranelift-bitset",
 "cranelift-codegen-meta",
 "cranelift-codegen-shared",
 "cranelift-control",
 "cranelift-entity",
 "cranelift-isle",
 "gimli",
 "hashbrown 0.17.1",
 "libm",
 "log",
 "regalloc2",
 "rustc-hash",
 "serde",
 "smallvec",
 "target-lexicon",
 "wasmtime-internal-core",
]

[[package]]
name = "cranelift-codegen-meta"
version = "0.134.3"
source = "registry+https://github.com/rust-lang/crates.io-index"
checksum = "903dc8915af62aad1d9d0f39a5968d33fa80b9aa899ed6f56e47f40ca4512e1e"
dependencies = [
 "cranelift-assembler-x64-meta",
 "cranelift-codegen-shared",
 "cranelift-srcgen",
 "heck",
]

[[package]]
name = "cranelift-codegen-shared"
version = "0.134.3"
source = "registry+https://github.com/rust-lang/crates.io-index"
checksum = "0522d74c227e49f3fd49ab055311486ae4f09083262b66705bed676952491469"

[[package]]
name = "cranelift-control"
version = "0.134.3"
source = "registry+https://github.com/rust-lang/crates.io-index"
checksum = "66560ea1c5cef72e170b18e46d263dba2d3169c9d39e8cafdab2173c6362cc1a"
dependencies = [
 "arbitrary",
]

[[package]]
name = "cranelift-entity"
version = "0.134.3"
source = "registry+https://github.com/rust-lang/crates.io-index"
checksum = "b62ef5b17cc814d27e96b66a5b46da0e4ce2b8ac55a6d478048bb99d04b05526"
dependencies = [
 "cranelift-bitset",
 "wasmtime-internal-core",
]

[[package]]
name = "cranelift-frontend"
version = "0.134.3"
source = "registry+https://github.com/rust-lang/crates.io-index"
checksum = "a87e0aaa39dbf70693b348a221e45904111704ee8f9fef140498471005f9842d"
dependencies = [
 "cranelift-codegen",
 "hashbrown 0.17.1",
 "log",
 "smallvec",
 "target-lexicon",
]

[[package]]
name = "cranelift-isle"
version = "0.134.3"
source = "registry+https://github.com/rust-lang/crates.io-index"
checksum = "cf79003ebfa1eed5e87f3b84446ad5236f540268289960e14f387dc9b28e40b7"

[[package]]
name = "cranelift-jit"
version = "0.134.3"
source = "registry+https://github.com/rust-lang/crates.io-index"
checksum = "2336d9ac773a092b1bff25988b298fe47d7921c2e6019d8243f5bb52d1c78d0d"
dependencies = [
 "anyhow",
 "cranelift-codegen",
 "cranelift-control",
 "cranelift-entity",
 "cranelift-module",
 "cranelift-native",
 "libc",
 "log",
 "memmap2",
 "region",
 "target-lexicon",
 "wasmtime-internal-jit-icache-coherence",
 "windows-sys 0.61.2",
]

[[package]]
name = "cranelift-module"
version = "0.134.3"
source = "registry+https://github.com/rust-lang/crates.io-index"
checksum = "8c89882b932e6ae6b9c9a9c0d4ee784c53208d2db5cccb6e099e298cf35572cf"
dependencies = [
 "anyhow",
 "cranelift-codegen",
 "cranelift-control",
]

[[package]]
name = "cranelift-native"
version = "0.134.3"
source = "registry+https://github.com/rust-lang/crates.io-index"
checksum = "05bf4f235743c81e67ee4db617c5a4a0b65d58d3f0cfc575ee0f1a4e0cd58273"
dependencies = [
 "cranelift-codegen",
 "libc",
 "target-lexicon",
]

[[package]]
name = "cranelift-object"
version = "0.134.3"
source = "registry+https://github.com/rust-lang/crates.io-index"
checksum = "de62346d98fa0345ed187e0daf565a1c8b3117d027e76653a1100b0a1e3ba0bf"
dependencies = [
 "anyhow",
 "cranelift-codegen",
 "cranelift-control",
 "cranelift-module",
 "gimli",
 "log",
 "object",
 "target-lexicon",
]

[[package]]
name = "cranelift-srcgen"
version = "0.134.3"
source = "registry+https://github.com/rust-lang/crates.io-index"
checksum = "f6977c2a71ab1e0d1e62f966b411a498aa04c4dce47d93d52f8a360a06058922"

[[package]]
name = "crc32fast"
version = "1.5.0"
source = "registry+https://github.com/rust-lang/crates.io-index"
checksum = "9481c1c90cbf2ac953f07c8d4a58aa3945c425b7185c9154d67a65e4230da511"
dependencies = [
 "cfg-if",
]

[[package]]
name = "equivalent"
version = "1.0.2"
source = "registry+https://github.com/rust-lang/crates.io-index"
checksum = "877a4ace8713b0bcf2a4e7eec82529c029f1d0619886d18145fea96c3ffe5c0f"

[[package]]
name = "find-msvc-tools"
version = "0.1.10"
source = "registry+https://github.com/rust-lang/crates.io-index"
checksum = "26b73573e6edcd2af0cdf47bd6cb58f0b3839491263c314eaad1ccf24430e1de"

[[package]]
name = "fnv"
version = "1.0.7"
source = "registry+https://github.com/rust-lang/crates.io-index"
checksum = "3f9eec918d3f24069decb9af1554cad7c880e2da24a9afd88aca000531ab82c1"

[[package]]
name = "foldhash"
version = "0.2.0"
source = "registry+https://github.com/rust-lang/crates.io-index"
checksum = "77ce24cb58228fbb8aa041425bb1050850ac19177686ea6e0f41a70416f56fdb"

[[package]]
name = "getrandom"
version = "0.3.4"
source = "registry+https://github.com/rust-lang/crates.io-index"
checksum = "899def5c37c4fd7b2664648c28120ecec138e4d395b459e5ca34f9cce2dd77fd"
dependencies = [
 "cfg-if",
 "libc",
 "r-efi",
 "wasip2",
]

[[package]]
name = "gimli"
version = "0.33.0"
source = "registry+https://github.com/rust-lang/crates.io-index"
checksum = "0bf7f043f89559805f8c7cacc432749b2fa0d0a0a9ee46ce47164ed5ba7f126c"
dependencies = [
 "fnv",
 "hashbrown 0.16.1",
 "indexmap",
 "stable_deref_trait",
]

[[package]]
name = "git2"
version = "0.21.0"
source = "registry+https://github.com/rust-lang/crates.io-index"
checksum = "ddddbf932745a6be37109b6112d3ee09696106f848449069d3a57bba937ab82e"
dependencies = [
 "bitflags 2.11.1",
 "libc",
 "libgit2-sys",
 "log",
]

[[package]]
name = "gobol"
version = "0.1.0"
dependencies = [
 "colored",
 "cranelift-codegen",
 "cranelift-frontend",
 "cranelift-jit",
 "cranelift-module",
 "cranelift-object",
 "git2",
 "serde",
 "target-lexicon",
 "toml",
]

[[package]]
name = "hashbrown"
version = "0.16.1"
source = "registry+https://github.com/rust-lang/crates.io-index"
checksum = "841d1cc9bed7f9236f321df977030373f4a4163ae1a7dbfe1a51a2c1a51d9100"

[[package]]
name = "hashbrown"
version = "0.17.1"
source = "registry+https://github.com/rust-lang/crates.io-index"
checksum = "ed5909b6e89a2db4456e54cd5f673791d7eca6732202bbf2a9cc504fe2f9b84a"
dependencies = [
 "foldhash",
]

[[package]]
name = "heck"
version = "0.5.0"
source = "registry+https://github.com/rust-lang/crates.io-index"
checksum = "2304e00983f87ffb38b55b444b5e3b60a884b5d30c0fca7d82fe33449bbe55ea"

[[package]]
name = "indexmap"
version = "2.14.0"
source = "registry+https://github.com/rust-lang/crates.io-index"
checksum = "d466e9454f08e4a911e14806c24e16fba1b4c121d1ea474396f396069cf949d9"
dependencies = [
 "equivalent",
 "hashbrown 0.17.1",
]

[[package]]
name = "jobserver"
version = "0.1.34"
source = "registry+https://github.com/rust-lang/crates.io-index"
checksum = "9afb3de4395d6b3e67a780b6de64b51c978ecf11cb9a462c66be7d4ca9039d33"
dependencies = [
 "getrandom",
 "libc",
]

[[package]]
name = "libc"
version = "0.2.186"
source = "registry+https://github.com/rust-lang/crates.io-index"
checksum = "68ab91017fe16c622486840e4c83c9a37afeff978bd239b5293d61ece587de66"

[[package]]
name = "libgit2-sys"
version = "0.18.4+1.9.3"
source = "registry+https://github.com/rust-lang/crates.io-index"
checksum = "9b26f66f35e1871b22efcf7191564123d2a446ca0538cde63c23adfefa9b15b7"
dependencies = [
 "cc",
 "libc",
 "libz-sys",
 "pkg-config",
]

[[package]]
name = "libm"
version = "0.2.16"
source = "registry+https://github.com/rust-lang/crates.io-index"
checksum = "b6d2cec3eae94f9f509c767b45932f1ada8350c4bdb85af2fcab4a3c14807981"

[[package]]
name = "libz-sys"
version = "1.1.28"
source = "registry+https://github.com/rust-lang/crates.io-index"
checksum = "fc3a226e576f50782b3305c5ccf458698f92798987f551c6a02efe8276721e22"
dependencies = [
 "cc",
 "libc",
 "pkg-config",
 "vcpkg",
]

[[package]]
name = "log"
version = "0.4.30"
source = "registry+https://github.com/rust-lang/crates.io-index"
checksum = "616ec5685824bcc94416c6d4a7a446eea774a31efd7062c8480ba6fd06d7a6e5"

[[package]]
name = "mach2"
version = "0.4.3"
source = "registry+https://github.com/rust-lang/crates.io-index"
checksum = "d640282b302c0bb0a2a8e0233ead9035e3bed871f0b7e81fe4a1ec829765db44"
dependencies = [
 "libc",
]

[[package]]
name = "memchr"
version = "2.8.3"
source = "registry+https://github.com/rust-lang/crates.io-index"
checksum = "cf8baf1c55e62ffcace7a9f06f4bd9cd3f0c4beb022d3b367256b91b87513d98"

[[package]]
name = "memmap2"
version = "0.9.11"
source = "registry+https://github.com/rust-lang/crates.io-index"
checksum = "d1219ed1b7f229ee7104d281dd01d6802fe28bb6e95d292942c4daacdeb798c0"
dependencies = [
 "libc",
]

[[package]]
name = "object"
version = "0.39.1"
source = "registry+https://github.com/rust-lang/crates.io-index"
checksum = "2e5a6c098c7a3b6547378093f5cc30bc54fd361ce711e05293a5cc589562739b"
dependencies = [
 "crc32fast",
 "hashbrown 0.17.1",
 "indexmap",
 "memchr",
]

[[package]]
name = "pkg-config"
version = "0.3.33"
source = "registry+https://github.com/rust-lang/crates.io-index"
checksum = "19f132c84eca552bf34cab8ec81f1c1dcc229b811638f9d283dceabe58c5569e"

[[package]]
name = "proc-macro2"
version = "1.0.106"
source = "registry+https://github.com/rust-lang/crates.io-index"
checksum = "8fd00f0bb2e90d81d1044c2b32617f68fcb9fa3bb7640c23e9c748e53fb30934"
dependencies = [
 "unicode-ident",
]

[[package]]
name = "quote"
version = "1.0.45"
source = "registry+https://github.com/rust-lang/crates.io-index"
checksum = "41f2619966050689382d2b44f664f4bc593e129785a36d6ee376ddf37259b924"
dependencies = [
 "proc-macro2",
]

[[package]]
name = "r-efi"
version = "5.3.0"
source = "registry+https://github.com/rust-lang/crates.io-index"
checksum = "69cdb34c158ceb288df11e18b4bd39de994f6657d83847bdffdbd7f346754b0f"

[[package]]
name = "regalloc2"
version = "0.15.2"
source = "registry+https://github.com/rust-lang/crates.io-index"
checksum = "757712e8e61590d6d4f5d563483755538b5aa13467837a3b41cd9832509a7f85"
dependencies = [
 "allocator-api2",
 "bumpalo",
 "hashbrown 0.17.1",
 "log",
 "rustc-hash",
 "smallvec",
]

[[package]]
name = "region"
version = "3.0.2"
source = "registry+https://github.com/rust-lang/crates.io-index"
checksum = "e6b6ebd13bc009aef9cd476c1310d49ac354d36e240cf1bd753290f3dc7199a7"
dependencies = [
 "bitflags 1.3.2",
 "libc",
 "mach2",
 "windows-sys 0.52.0",
]

[[package]]
name = "rustc-hash"
version = "2.1.3"
source = "registry+https://github.com/rust-lang/crates.io-index"
checksum = "6b1e7f9a428571be2dc5bc0505c13fb6bf936822b894ec87abf8a08a4e51742d"

[[package]]
name = "serde"
version = "1.0.229"
source = "registry+https://github.com/rust-lang/crates.io-index"
checksum = "4148590afebada386688f18773da617792bf2ef03ffc1e4cbd2b1d45b023e0ba"
dependencies = [
 "serde_core",
 "serde_derive",
]

[[package]]
name = "serde_core"
version = "1.0.229"
source = "registry+https://github.com/rust-lang/crates.io-index"
checksum = "67dca2c9c51e58a4791a4b1ed58308b39c64224d349a935ab5039aa360942a48"
dependencies = [
 "serde_derive",
]

[[package]]
name = "serde_derive"
version = "1.0.229"
source = "registry+https://github.com/rust-lang/crates.io-index"
checksum = "e7a5d71263a5a7d47b41f6b3f06ba276f10cc18b0931f1799f710578e2309348"
dependencies = [
 "proc-macro2",
 "quote",
 "syn",
]

[[package]]
name = "serde_spanned"
version = "1.1.1"
source = "registry+https://github.com/rust-lang/crates.io-index"
checksum = "6662b5879511e06e8999a8a235d848113e942c9124f211511b16466ee2995f26"
dependencies = [
 "serde_core",
]

[[package]]
name = "shlex"
version = "2.0.1"
source = "registry+https://github.com/rust-lang/crates.io-index"
checksum = "f8fadd59c855ef2080decdef8ff161eb6661b86933c9d82e5ba29dc602a55aba"

[[package]]
name = "smallvec"
version = "1.15.2"
source = "registry+https://github.com/rust-lang/crates.io-index"
checksum = "8ed6a63f02c8539c91a8685a86f4099661ba3da017932f6ebbea6de3f0fa7c90"

[[package]]
name = "stable_deref_trait"
version = "1.2.1"
source = "registry+https://github.com/rust-lang/crates.io-index"
checksum = "6ce2be8dc25455e1f91df71bfa12ad37d7af1092ae736f3a6cd0e37bc7810596"

[[package]]
name = "syn"
version = "3.0.3"
source = "registry+https://github.com/rust-lang/crates.io-index"
checksum = "53e9bae58849f64dfa4f5d5ae372c8341f7305f82a3868709269343628b659a3"
dependencies = [
 "proc-macro2",
 "quote",
 "unicode-ident",
]

[[package]]
name = "target-lexicon"
version = "0.13.5"
source = "registry+https://github.com/rust-lang/crates.io-index"
checksum = "adb6935a6f5c20170eeceb1a3835a49e12e19d792f6dd344ccc76a985ca5a6ca"

[[package]]
name = "toml"
version = "1.1.4+spec-1.1.0"
source = "registry+https://github.com/rust-lang/crates.io-index"
checksum = "3aace63f4bbcdfc2c965b059de67119c89c4017a70d633be6c104910f67056f5"
dependencies = [
 "indexmap",
 "serde_core",
 "serde_spanned",
 "toml_datetime",
 "toml_parser",
 "toml_writer",
 "winnow",
]

[[package]]
name = "toml_datetime"
version = "1.1.1+spec-1.1.0"
source = "registry+https://github.com/rust-lang/crates.io-index"
checksum = "3165f65f62e28e0115a00b2ebdd37eb6f3b641855f9d636d3cd4103767159ad7"
dependencies = [
 "serde_core",
]

[[package]]
name = "toml_parser"
version = "1.1.3+spec-1.1.0"
source = "registry+https://github.com/rust-lang/crates.io-index"
checksum = "1d38ac1cf9b95face32296c0a3ede1fdc270627c9d9c02a7274dd6d960dc4d56"
dependencies = [
 "winnow",
]

[[package]]
name = "toml_writer"
version = "1.1.2+spec-1.1.0"
source = "registry+https://github.com/rust-lang/crates.io-index"
checksum = "7d56353a2a665ad0f41a421187180aab746c8c325620617ad883a99a1cbe66d2"

[[package]]
name = "unicode-ident"
version = "1.0.24"
source = "registry+https://github.com/rust-lang/crates.io-index"
checksum = "e6e4313cd5fcd3dad5cafa179702e2b244f760991f45397d14d4ebf38247da75"

[[package]]
name = "vcpkg"
version = "0.2.15"
source = "registry+https://github.com/rust-lang/crates.io-index"
checksum = "accd4ea62f7bb7a82fe23066fb0957d48ef677f6eeb8215f372f52e48bb32426"

[[package]]
name = "wasip2"
version = "1.0.3+wasi-0.2.9"
source = "registry+https://github.com/rust-lang/crates.io-index"
checksum = "20064672db26d7cdc89c7798c48a0fdfac8213434a1186e5ef29fd560ae223d6"
dependencies = [
 "wit-bindgen",
]

[[package]]
name = "wasmtime-internal-core"
version = "47.0.3"
source = "registry+https://github.com/rust-lang/crates.io-index"
checksum = "8a0092c4b9d070ac5e278b6d0db10f5e71214190f0347ca57502b4692f796321"
dependencies = [
 "hashbrown 0.17.1",
 "libm",
]

[[package]]
name = "wasmtime-internal-jit-icache-coherence"
version = "47.0.3"
source = "registry+https://github.com/rust-lang/crates.io-index"
checksum = "5684ba160951baad06a725696f3c590e2fb0e8067c2aebee27bf7f9259058e85"
dependencies = [
 "cfg-if",
 "libc",
 "wasmtime-internal-core",
 "windows-sys 0.61.2",
]

[[package]]
name = "windows-link"
version = "0.2.1"
source = "registry+https://github.com/rust-lang/crates.io-index"
checksum = "f0805222e57f7521d6a62e36fa9163bc891acd422f971defe97d64e70d0a4fe5"

[[package]]
name = "windows-sys"
version = "0.52.0"
source = "registry+https://github.com/rust-lang/crates.io-index"
checksum = "282be5f36a8ce781fad8c8ae18fa3f9beff57ec1b52cb3de0789201425d9a33d"
dependencies = [
 "windows-targets",
]

[[package]]
name = "windows-sys"
version = "0.61.2"
source = "registry+https://github.com/rust-lang/crates.io-index"
checksum = "ae137229bcbd6cdf0f7b80a31df61766145077ddf49416a728b02cb3921ff3fc"
dependencies = [
 "windows-link",
]

[[package]]
name = "windows-targets"
version = "0.52.6"
source = "registry+https://github.com/rust-lang/crates.io-index"
checksum = "9b724f72796e036ab90c1021d4780d4d3d648aca59e491e6b98e725b84e99973"
dependencies = [
 "windows_aarch64_gnullvm",
 "windows_aarch64_msvc",
 "windows_i686_gnu",
 "windows_i686_gnullvm",
 "windows_i686_msvc",
 "windows_x86_64_gnu",
 "windows_x86_64_gnullvm",
 "windows_x86_64_msvc",
]

[[package]]
name = "windows_aarch64_gnullvm"
version = "0.52.6"
source = "registry+https://github.com/rust-lang/crates.io-index"
checksum = "32a4622180e7a0ec044bb555404c800bc9fd9ec262ec147edd5989ccd0c02cd3"

[[package]]
name = "windows_aarch64_msvc"
version = "0.52.6"
source = "registry+https://github.com/rust-lang/crates.io-index"
checksum = "09ec2a7bb152e2252b53fa7803150007879548bc709c039df7627cabbd05d469"

[[package]]
name = "windows_i686_gnu"
version = "0.52.6"
source = "registry+https://github.com/rust-lang/crates.io-index"
checksum = "8e9b5ad5ab802e97eb8e295ac6720e509ee4c243f69d781394014ebfe8bbfa0b"

[[package]]
name = "windows_i686_gnullvm"
version = "0.52.6"
source = "registry+https://github.com/rust-lang/crates.io-index"
checksum = "0eee52d38c090b3caa76c563b86c3a4bd71ef1a819287c19d586d7334ae8ed66"

[[package]]
name = "windows_i686_msvc"
version = "0.52.6"
source = "registry+https://github.com/rust-lang/crates.io-index"
checksum = "240948bc05c5e7c6dabba28bf89d89ffce3e303022809e73deaefe4f6ec56c66"

[[package]]
name = "windows_x86_64_gnu"
version = "0.52.6"
source = "registry+https://github.com/rust-lang/crates.io-index"
checksum = "147a5c80aabfbf0c7d901cb5895d1de30ef2907eb21fbbab29ca94c5b08b1a78"

[[package]]
name = "windows_x86_64_gnullvm"
version = "0.52.6"
source = "registry+https://github.com/rust-lang/crates.io-index"
checksum = "24d5b23dc417412679681396f2b49f3de8c1473deb516bd34410872eff51ed0d"

[[package]]
name = "windows_x86_64_msvc"
version = "0.52.6"
source = "registry+https://github.com/rust-lang/crates.io-index"
checksum = "589f6da84c646204747d1270a2a5661ea66ed1cced2631d546fdfb155959f9ec"

[[package]]
name = "winnow"
version = "1.0.3"
source = "registry+https://github.com/rust-lang/crates.io-index"
checksum = "0592e1c9d151f854e6fd382574c3a0855250e1d9b2f99d9281c6e6391af352f1"

[[package]]
name = "wit-bindgen"
version = "0.57.1"
source = "registry+https://github.com/rust-lang/crates.io-index"
checksum = "1ebf944e87a7c253233ad6766e082e3cd714b5d03812acc24c318f549614536e"
